
Microsoft Visual Studio Solution File, Format Version 12.00
# Visual Studio Version 16
VisualStudioVersion = 16.0.32802.440
MinimumVisualStudioVersion = 10.0.40219.1
Project("{FAE04EC0-301F-11D3-BF4B-00C04F79EFBC}") = "Form", "Form\Form.csproj", "{5DDE92D3-78BB-4A5D-B6A3-B06BBC0D60FC}"
EndProject
Global
	GlobalSection(SolutionConfigurationPlatforms) = preSolution
		Debug|Any CPU = Debug|Any CPU
		Release|Any CPU = Release|Any CPU
	EndGlobalSection
	GlobalSection(ProjectConfigurationPlatforms) = postSolution
		{5DDE92D3-78BB-4A5D-B6A3-B06BBC0D60FC}.Debug|Any CPU.ActiveCfg = Debug|Any CPU
		{5DDE92D3-78BB-4A5D-B6A3-B06BBC0D60FC}.Debug|Any CPU.Build.0 = Debug|Any CPU
		{5DDE92D3-78BB-4A5D-B6A3-B06BBC0D60FC}.Release|Any CPU.ActiveCfg = Release|Any CPU
		{5DDE92D3-78BB-4A5D-B6A3-B06BBC0D60FC}.Release|Any CPU.Build.0 = Release|Any CPU
	EndGlobalSection
	GlobalSection(SolutionProperties) = preSolution
		HideSolutionNode = FALSE
	EndGlobalSection
	GlobalSection(ExtensibilityGlobals) = postSolution
		SolutionGuid = {C8AD64FF-34B3-4C39-82CD-6FBF7605B1F4}
	EndGlobalSection
EndGlobal
